
Microsoft Visual Studio Solution File, Format Version 12.00
# Visual Studio Version 17
VisualStudioVersion = 17.11.35327.3
MinimumVisualStudioVersion = 10.0.40219.1
Project("{FAE04EC0-301F-11D3-BF4B-00C04F79EFBC}") = "SocketTest", "SocketTest.csproj", "{3556BCF2-9CAB-41D5-A2D1-1BE73309FA7B}"
EndProject
Project("{9A19103F-16F7-4668-BE54-9A1E7A4F7556}") = "Protocols", "..\Protocol\Protocols.csproj", "{6FB1A770-C7A6-4FEE-BFD2-68FDA7EB4819}"
EndProject
Global
	GlobalSection(SolutionConfigurationPlatforms) = preSolution
		Debug|Any CPU = Debug|Any CPU
		Release|Any CPU = Release|Any CPU
	EndGlobalSection
	GlobalSection(ProjectConfigurationPlatforms) = postSolution
		{3556BCF2-9CAB-41D5-A2D1-1BE73309FA7B}.Debug|Any CPU.ActiveCfg = Debug|Any CPU
		{3556BCF2-9CAB-41D5-A2D1-1BE73309FA7B}.Debug|Any CPU.Build.0 = Debug|Any CPU
		{3556BCF2-9CAB-41D5-A2D1-1BE73309FA7B}.Release|Any CPU.ActiveCfg = Release|Any CPU
		{3556BCF2-9CAB-41D5-A2D1-1BE73309FA7B}.Release|Any CPU.Build.0 = Release|Any CPU
		{6FB1A770-C7A6-4FEE-BFD2-68FDA7EB4819}.Debug|Any CPU.ActiveCfg = Debug|Any CPU
		{6FB1A770-C7A6-4FEE-BFD2-68FDA7EB4819}.Debug|Any CPU.Build.0 = Debug|Any CPU
		{6FB1A770-C7A6-4FEE-BFD2-68FDA7EB4819}.Release|Any CPU.ActiveCfg = Release|Any CPU
		{6FB1A770-C7A6-4FEE-BFD2-68FDA7EB4819}.Release|Any CPU.Build.0 = Release|Any CPU
	EndGlobalSection
	GlobalSection(SolutionProperties) = preSolution
		HideSolutionNode = FALSE
	EndGlobalSection
	GlobalSection(ExtensibilityGlobals) = postSolution
		SolutionGuid = {6D5BB75A-22F2-446F-AD2A-B4DC0E8EDD10}
	EndGlobalSection
EndGlobal
